
Microsoft Visual Studio Solution File, Format Version 12.00
# Visual Studio 15
VisualStudioVersion = 15.0.28010.2003
MinimumVisualStudioVersion = 10.0.40219.1
Project("{FAE04EC0-301F-11D3-BF4B-00C04F79EFBC}") = "ProxySetup", "ProxySetup.csproj", "{73DF2789-8103-4C64-95CF-AED2BD8E476C}"
EndProject
Global
	GlobalSection(SolutionConfigurationPlatforms) = preSolution
		Debug|Any CPU = Debug|Any CPU
		Release|Any CPU = Release|Any CPU
	EndGlobalSection
	GlobalSection(ProjectConfigurationPlatforms) = postSolution
		{73DF2789-8103-4C64-95CF-AED2BD8E476C}.Debug|Any CPU.ActiveCfg = Debug|Any CPU
		{73DF2789-8103-4C64-95CF-AED2BD8E476C}.Debug|Any CPU.Build.0 = Debug|Any CPU
		{73DF2789-8103-4C64-95CF-AED2BD8E476C}.Release|Any CPU.ActiveCfg = Release|Any CPU
		{73DF2789-8103-4C64-95CF-AED2BD8E476C}.Release|Any CPU.Build.0 = Release|Any CPU
	EndGlobalSection
	GlobalSection(SolutionProperties) = preSolution
		HideSolutionNode = FALSE
	EndGlobalSection
	GlobalSection(ExtensibilityGlobals) = postSolution
		SolutionGuid = {B6BB9ED7-5171-4FD0-8B8C-BCF6F108146A}
	EndGlobalSection
EndGlobal
