
Microsoft Visual Studio Solution File, Format Version 12.00
# Visual Studio 15
VisualStudioVersion = 15.0.28010.2003
MinimumVisualStudioVersion = 10.0.40219.1
Project("{FAE04EC0-301F-11D3-BF4B-00C04F79EFBC}") = "PacketSniffer", "PacketSniffer.csproj", "{12BAD6D2-138D-4A97-9D96-B60E2C64B102}"
EndProject
Global
	GlobalSection(SolutionConfigurationPlatforms) = preSolution
		Debug|Any CPU = Debug|Any CPU
		Release|Any CPU = Release|Any CPU
	EndGlobalSection
	GlobalSection(ProjectConfigurationPlatforms) = postSolution
		{12BAD6D2-138D-4A97-9D96-B60E2C64B102}.Debug|Any CPU.ActiveCfg = Debug|Any CPU
		{12BAD6D2-138D-4A97-9D96-B60E2C64B102}.Debug|Any CPU.Build.0 = Debug|Any CPU
		{12BAD6D2-138D-4A97-9D96-B60E2C64B102}.Release|Any CPU.ActiveCfg = Release|Any CPU
		{12BAD6D2-138D-4A97-9D96-B60E2C64B102}.Release|Any CPU.Build.0 = Release|Any CPU
	EndGlobalSection
	GlobalSection(SolutionProperties) = preSolution
		HideSolutionNode = FALSE
	EndGlobalSection
	GlobalSection(ExtensibilityGlobals) = postSolution
		SolutionGuid = {2E4AD3F8-68B9-49E2-BF70-740AB76A66C4}
	EndGlobalSection
EndGlobal
