
Microsoft Visual Studio Solution File, Format Version 12.00
# Visual Studio 15
VisualStudioVersion = 15.0.28010.2003
MinimumVisualStudioVersion = 10.0.40219.1
Project("{FAE04EC0-301F-11D3-BF4B-00C04F79EFBC}") = "TrashBox", "TrashBox.csproj", "{C4FF2AD4-24AA-4FE1-9FD3-6A9578D4D9B9}"
EndProject
Global
	GlobalSection(SolutionConfigurationPlatforms) = preSolution
		Debug|Any CPU = Debug|Any CPU
		Release|Any CPU = Release|Any CPU
	EndGlobalSection
	GlobalSection(ProjectConfigurationPlatforms) = postSolution
		{C4FF2AD4-24AA-4FE1-9FD3-6A9578D4D9B9}.Debug|Any CPU.ActiveCfg = Debug|Any CPU
		{C4FF2AD4-24AA-4FE1-9FD3-6A9578D4D9B9}.Debug|Any CPU.Build.0 = Debug|Any CPU
		{C4FF2AD4-24AA-4FE1-9FD3-6A9578D4D9B9}.Release|Any CPU.ActiveCfg = Release|Any CPU
		{C4FF2AD4-24AA-4FE1-9FD3-6A9578D4D9B9}.Release|Any CPU.Build.0 = Release|Any CPU
	EndGlobalSection
	GlobalSection(SolutionProperties) = preSolution
		HideSolutionNode = FALSE
	EndGlobalSection
	GlobalSection(ExtensibilityGlobals) = postSolution
		SolutionGuid = {68E11E0B-03C5-49E1-A9F9-080A2F30879C}
	EndGlobalSection
EndGlobal
